
Microsoft Visual Studio Solution File, Format Version 12.00
# Visual Studio Version 16
VisualStudioVersion = 16.0.31402.337
MinimumVisualStudioVersion = 10.0.40219.1
Project("{8BC9CEB8-8B4A-11D0-8D11-00A0C91BC942}") = "HelloWorld", "HelloWorld\HelloWorld.vcxproj", "{3D1E77F8-587E-4456-AC96-92C296D152A2}"
EndProject
Project("{8BC9CEB8-8B4A-11D0-8D11-00A0C91BC942}") = "Variables", "Variables\Variables.vcxproj", "{7F2199E4-EF34-49AB-9E3A-C734C528B62A}"
EndProject
Project("{8BC9CEB8-8B4A-11D0-8D11-00A0C91BC942}") = "standardVector", "standardVector\standardVector.vcxproj", "{F43B7820-C33D-4C47-90A5-24B43D422126}"
EndProject
Global
	GlobalSection(SolutionConfigurationPlatforms) = preSolution
		Debug|x64 = Debug|x64
		Release|x64 = Release|x64
	EndGlobalSection
	GlobalSection(ProjectConfigurationPlatforms) = postSolution
		{3D1E77F8-587E-4456-AC96-92C296D152A2}.Debug|x64.ActiveCfg = Debug|x64
		{3D1E77F8-587E-4456-AC96-92C296D152A2}.Debug|x64.Build.0 = Debug|x64
		{3D1E77F8-587E-4456-AC96-92C296D152A2}.Release|x64.ActiveCfg = Release|x64
		{3D1E77F8-587E-4456-AC96-92C296D152A2}.Release|x64.Build.0 = Release|x64
		{7F2199E4-EF34-49AB-9E3A-C734C528B62A}.Debug|x64.ActiveCfg = Debug|x64
		{7F2199E4-EF34-49AB-9E3A-C734C528B62A}.Debug|x64.Build.0 = Debug|x64
		{7F2199E4-EF34-49AB-9E3A-C734C528B62A}.Release|x64.ActiveCfg = Release|x64
		{7F2199E4-EF34-49AB-9E3A-C734C528B62A}.Release|x64.Build.0 = Release|x64
		{F43B7820-C33D-4C47-90A5-24B43D422126}.Debug|x64.ActiveCfg = Debug|x64
		{F43B7820-C33D-4C47-90A5-24B43D422126}.Debug|x64.Build.0 = Debug|x64
		{F43B7820-C33D-4C47-90A5-24B43D422126}.Release|x64.ActiveCfg = Release|x64
		{F43B7820-C33D-4C47-90A5-24B43D422126}.Release|x64.Build.0 = Release|x64
	EndGlobalSection
	GlobalSection(SolutionProperties) = preSolution
		HideSolutionNode = FALSE
	EndGlobalSection
	GlobalSection(ExtensibilityGlobals) = postSolution
		SolutionGuid = {F42C8B83-9E08-4208-801B-465ABB92B526}
	EndGlobalSection
EndGlobal
